
Microsoft Visual Studio Solution File, Format Version 12.00
# Visual Studio Version 16
VisualStudioVersion = 16.0.30517.126
MinimumVisualStudioVersion = 10.0.40219.1
Project("{FAE04EC0-301F-11D3-BF4B-00C04F79EFBC}") = "RecommendStock", "RecommendStock\RecommendStock.csproj", "{9EFB4D93-BADD-44DA-A452-1F22AAFC18A6}"
EndProject
Project("{FAE04EC0-301F-11D3-BF4B-00C04F79EFBC}") = "GetStockInfoFast", "GetStockInfoFast\GetStockInfoFast.csproj", "{BD1F7295-3C9B-4DDE-97BE-7AFEF85371B9}"
EndProject
Project("{FAE04EC0-301F-11D3-BF4B-00C04F79EFBC}") = "RisingStocks", "RisingStocks\RisingStocks.csproj", "{08F270C8-30F4-4A1C-9432-C3346AAF2ECF}"
EndProject
Project("{2150E333-8FDC-42A3-9474-1A3956D46DE8}") = "RecommendStockApp", "RecommendStockApp", "{77216B7D-FDAA-41F4-B798-105E98EC9C40}"
EndProject
Project("{2150E333-8FDC-42A3-9474-1A3956D46DE8}") = "RisingStocksApp", "RisingStocksApp", "{FD8A1A00-412D-40B7-9B57-84BB7B4C0BAD}"
EndProject
Project("{FAE04EC0-301F-11D3-BF4B-00C04F79EFBC}") = "GetIndustry", "GetIndustry\GetIndustry.csproj", "{7F1AF7D2-F6BB-4F20-B709-FD7D08B79A6B}"
EndProject
Project("{FAE04EC0-301F-11D3-BF4B-00C04F79EFBC}") = "IndustryRanking", "IndustryRanking\IndustryRanking.csproj", "{A5D6EA42-F934-4D5C-9FDF-2AA6ADE460FE}"
EndProject
Project("{2150E333-8FDC-42A3-9474-1A3956D46DE8}") = "StockPoolApp", "StockPoolApp", "{F425C1A5-BF32-449E-AB4A-D889EB7F8E00}"
EndProject
Project("{FAE04EC0-301F-11D3-BF4B-00C04F79EFBC}") = "StockKit", "StockKit\StockKit.csproj", "{0308944F-7CB7-47D3-A3D5-6CE2B62B4ADC}"
EndProject
Project("{FAE04EC0-301F-11D3-BF4B-00C04F79EFBC}") = "Database", "Database\Database.csproj", "{1E262AC2-6BC2-46C8-95BF-F93BFFF542B9}"
EndProject
Global
	GlobalSection(SolutionConfigurationPlatforms) = preSolution
		Debug|Any CPU = Debug|Any CPU
		Release|Any CPU = Release|Any CPU
	EndGlobalSection
	GlobalSection(ProjectConfigurationPlatforms) = postSolution
		{9EFB4D93-BADD-44DA-A452-1F22AAFC18A6}.Debug|Any CPU.ActiveCfg = Debug|Any CPU
		{9EFB4D93-BADD-44DA-A452-1F22AAFC18A6}.Debug|Any CPU.Build.0 = Debug|Any CPU
		{9EFB4D93-BADD-44DA-A452-1F22AAFC18A6}.Release|Any CPU.ActiveCfg = Release|Any CPU
		{9EFB4D93-BADD-44DA-A452-1F22AAFC18A6}.Release|Any CPU.Build.0 = Release|Any CPU
		{BD1F7295-3C9B-4DDE-97BE-7AFEF85371B9}.Debug|Any CPU.ActiveCfg = Debug|Any CPU
		{BD1F7295-3C9B-4DDE-97BE-7AFEF85371B9}.Debug|Any CPU.Build.0 = Debug|Any CPU
		{BD1F7295-3C9B-4DDE-97BE-7AFEF85371B9}.Release|Any CPU.ActiveCfg = Release|Any CPU
		{BD1F7295-3C9B-4DDE-97BE-7AFEF85371B9}.Release|Any CPU.Build.0 = Release|Any CPU
		{08F270C8-30F4-4A1C-9432-C3346AAF2ECF}.Debug|Any CPU.ActiveCfg = Debug|Any CPU
		{08F270C8-30F4-4A1C-9432-C3346AAF2ECF}.Debug|Any CPU.Build.0 = Debug|Any CPU
		{08F270C8-30F4-4A1C-9432-C3346AAF2ECF}.Release|Any CPU.ActiveCfg = Release|Any CPU
		{08F270C8-30F4-4A1C-9432-C3346AAF2ECF}.Release|Any CPU.Build.0 = Release|Any CPU
		{7F1AF7D2-F6BB-4F20-B709-FD7D08B79A6B}.Debug|Any CPU.ActiveCfg = Debug|Any CPU
		{7F1AF7D2-F6BB-4F20-B709-FD7D08B79A6B}.Debug|Any CPU.Build.0 = Debug|Any CPU
		{7F1AF7D2-F6BB-4F20-B709-FD7D08B79A6B}.Release|Any CPU.ActiveCfg = Release|Any CPU
		{7F1AF7D2-F6BB-4F20-B709-FD7D08B79A6B}.Release|Any CPU.Build.0 = Release|Any CPU
		{A5D6EA42-F934-4D5C-9FDF-2AA6ADE460FE}.Debug|Any CPU.ActiveCfg = Debug|Any CPU
		{A5D6EA42-F934-4D5C-9FDF-2AA6ADE460FE}.Debug|Any CPU.Build.0 = Debug|Any CPU
		{A5D6EA42-F934-4D5C-9FDF-2AA6ADE460FE}.Release|Any CPU.ActiveCfg = Release|Any CPU
		{A5D6EA42-F934-4D5C-9FDF-2AA6ADE460FE}.Release|Any CPU.Build.0 = Release|Any CPU
		{0308944F-7CB7-47D3-A3D5-6CE2B62B4ADC}.Debug|Any CPU.ActiveCfg = Debug|Any CPU
		{0308944F-7CB7-47D3-A3D5-6CE2B62B4ADC}.Debug|Any CPU.Build.0 = Debug|Any CPU
		{0308944F-7CB7-47D3-A3D5-6CE2B62B4ADC}.Release|Any CPU.ActiveCfg = Release|Any CPU
		{0308944F-7CB7-47D3-A3D5-6CE2B62B4ADC}.Release|Any CPU.Build.0 = Release|Any CPU
		{1E262AC2-6BC2-46C8-95BF-F93BFFF542B9}.Debug|Any CPU.ActiveCfg = Debug|Any CPU
		{1E262AC2-6BC2-46C8-95BF-F93BFFF542B9}.Debug|Any CPU.Build.0 = Debug|Any CPU
		{1E262AC2-6BC2-46C8-95BF-F93BFFF542B9}.Release|Any CPU.ActiveCfg = Release|Any CPU
		{1E262AC2-6BC2-46C8-95BF-F93BFFF542B9}.Release|Any CPU.Build.0 = Release|Any CPU
	EndGlobalSection
	GlobalSection(SolutionProperties) = preSolution
		HideSolutionNode = FALSE
	EndGlobalSection
	GlobalSection(NestedProjects) = preSolution
		{9EFB4D93-BADD-44DA-A452-1F22AAFC18A6} = {77216B7D-FDAA-41F4-B798-105E98EC9C40}
		{BD1F7295-3C9B-4DDE-97BE-7AFEF85371B9} = {77216B7D-FDAA-41F4-B798-105E98EC9C40}
		{08F270C8-30F4-4A1C-9432-C3346AAF2ECF} = {FD8A1A00-412D-40B7-9B57-84BB7B4C0BAD}
	EndGlobalSection
	GlobalSection(ExtensibilityGlobals) = postSolution
		SolutionGuid = {8E5A1C7F-3B1F-464D-8706-A04354DF0538}
	EndGlobalSection
EndGlobal
